
Microsoft Visual Studio Solution File, Format Version 12.00
# Visual Studio 14
VisualStudioVersion = 14.0.25420.1
MinimumVisualStudioVersion = 10.0.40219.1
Project("{FAE04EC0-301F-11D3-BF4B-00C04F79EFBC}") = "TfsNodeImportExport", "TfsNodeImportExport\TfsNodeImportExport.csproj", "{5C614BB8-EADB-45FB-AA79-1D5FA1D7DF3C}"
EndProject
Project("{2150E333-8FDC-42A3-9474-1A3956D46DE8}") = "source", "source", "{DF0182E9-4AE9-4B73-9C1C-908BDD925B09}"
EndProject
Project("{2150E333-8FDC-42A3-9474-1A3956D46DE8}") = ".misc", ".misc", "{C0160392-14A1-4166-8284-AA5F33B863E7}"
	ProjectSection(SolutionItems) = preProject
		..\build.cake = ..\build.cake
		..\LICENSE = ..\LICENSE
		..\README.md = ..\README.md
		..\settings.json = ..\settings.json
		..\version.json = ..\version.json
	EndProjectSection
EndProject
Global
	GlobalSection(SolutionConfigurationPlatforms) = preSolution
		Debug|Any CPU = Debug|Any CPU
		Release|Any CPU = Release|Any CPU
	EndGlobalSection
	GlobalSection(ProjectConfigurationPlatforms) = postSolution
		{5C614BB8-EADB-45FB-AA79-1D5FA1D7DF3C}.Debug|Any CPU.ActiveCfg = Debug|Any CPU
		{5C614BB8-EADB-45FB-AA79-1D5FA1D7DF3C}.Debug|Any CPU.Build.0 = Debug|Any CPU
		{5C614BB8-EADB-45FB-AA79-1D5FA1D7DF3C}.Release|Any CPU.ActiveCfg = Release|Any CPU
		{5C614BB8-EADB-45FB-AA79-1D5FA1D7DF3C}.Release|Any CPU.Build.0 = Release|Any CPU
	EndGlobalSection
	GlobalSection(SolutionProperties) = preSolution
		HideSolutionNode = FALSE
	EndGlobalSection
	GlobalSection(NestedProjects) = preSolution
		{5C614BB8-EADB-45FB-AA79-1D5FA1D7DF3C} = {DF0182E9-4AE9-4B73-9C1C-908BDD925B09}
	EndGlobalSection
EndGlobal
